# THIS IS AN AUTOGENERATED FILE. DO NOT EDIT THIS FILE DIRECTLY.
# yarn lockfile v1


"@babel/runtime@^7.3.1":
  version "7.3.4"
  resolved "http://registry.npm.taobao.org/@babel/runtime/download/@babel/runtime-7.3.4.tgz#73d12ba819e365fcf7fd152aed56d6df97d21c83"
  integrity sha1-c9ErqBnjZfz3/RUq7VbW35fSHIM=
  dependencies:
    regenerator-runtime "^0.12.0"

child_process@^1.0.2:
  version "1.0.2"
  resolved "http://registry.npm.taobao.org/child_process/download/child_process-1.0.2.tgz#b1f7e7fc73d25e7fd1d455adc94e143830182b5a"
  integrity sha1-sffn/HPSXn/R1FWtyU4UODAYK1o=

fs-extra@^7.0.1:
  version "7.0.1"
  resolved "http://registry.npm.taobao.org/fs-extra/download/fs-extra-7.0.1.tgz#4f189c44aa123b895f722804f55ea23eadc348e9"
  integrity sha1-TxicRKoSO4lfcigE9V6iPq3DSOk=
  dependencies:
    graceful-fs "^4.1.2"
    jsonfile "^4.0.0"
    universalify "^0.1.0"

graceful-fs@^4.1.2, graceful-fs@^4.1.6:
  version "4.1.15"
  resolved "http://registry.npm.taobao.org/graceful-fs/download/graceful-fs-4.1.15.tgz#ffb703e1066e8a0eeaa4c8b80ba9253eeefbfb00"
  integrity sha1-/7cD4QZuig7qpMi4C6klPu77+wA=

inherits@2.0.3:
  version "2.0.3"
  resolved "http://registry.npm.taobao.org/inherits/download/inherits-2.0.3.tgz#633c2c83e3da42a502f52466022480f4208261de"
  integrity sha1-Yzwsg+PaQqUC9SRmAiSA9CCCYd4=

jsonfile@^4.0.0:
  version "4.0.0"
  resolved "http://registry.npm.taobao.org/jsonfile/download/jsonfile-4.0.0.tgz#8771aae0799b64076b76640fca058f9c10e33ecb"
  integrity sha1-h3Gq4HmbZAdrdmQPygWPnBDjPss=
  optionalDependencies:
    graceful-fs "^4.1.6"

kht@^0.0.6:
  version "0.0.6"
  resolved "http://registry.npm.taobao.org/kht/download/kht-0.0.6.tgz#0d47921ecee498793baf9d92417dc84141baf77e"
  integrity sha1-DUeSHs7kmHk7r52SQX3IQUG6934=
  dependencies:
    "@babel/runtime" "^7.3.1"
    child_process "^1.0.2"
    fs-extra "^7.0.1"
    path "^0.12.7"

path@^0.12.7:
  version "0.12.7"
  resolved "http://registry.npm.taobao.org/path/download/path-0.12.7.tgz#d4dc2a506c4ce2197eb481ebfcd5b36c0140b10f"
  integrity sha1-1NwqUGxM4hl+tIHr/NWzbAFAsQ8=
  dependencies:
    process "^0.11.1"
    util "^0.10.3"

process@^0.11.1:
  version "0.11.10"
  resolved "http://registry.npm.taobao.org/process/download/process-0.11.10.tgz#7332300e840161bda3e69a1d1d91a7d4bc16f182"
  integrity sha1-czIwDoQBYb2j5podHZGn1LwW8YI=

regenerator-runtime@^0.12.0:
  version "0.12.1"
  resolved "http://registry.npm.taobao.org/regenerator-runtime/download/regenerator-runtime-0.12.1.tgz#fa1a71544764c036f8c49b13a08b2594c9f8a0de"
  integrity sha1-+hpxVEdkwDb4xJsToIsllMn4oN4=

universalify@^0.1.0:
  version "0.1.2"
  resolved "http://registry.npm.taobao.org/universalify/download/universalify-0.1.2.tgz#b646f69be3942dabcecc9d6639c80dc105efaa66"
  integrity sha1-tkb2m+OULavOzJ1mOcgNwQXvqmY=

util@^0.10.3:
  version "0.10.4"
  resolved "http://registry.npm.taobao.org/util/download/util-0.10.4.tgz#3aa0125bfe668a4672de58857d3ace27ecb76901"
  integrity sha1-OqASW/5mikZy3liFfTrOJ+y3aQE=
  dependencies:
    inherits "2.0.3"
